// !$*UTF8*$!
{
	archiveVersion = 1;
	classes = {
	};
	objectVersion = 77;
	objects = {

/* Begin PBXBuildFile section */
		E10F25952ED953BB00AF0AB2 /* Capstone in Frameworks */ = {isa = PBXBuildFile; productRef = E10F25942ED953BB00AF0AB2 /* Capstone */; };
/* End PBXBuildFile section */

/* Begin PBXContainerItemProxy section */
		E10F25622ED949DB00AF0AB2 /* PBXContainerItemProxy */ = {
			isa = PBXContainerItemProxy;
			containerPortal = E10F254C2ED949DA00AF0AB2 /* Project object */;
			proxyType = 1;
			remoteGlobalIDString = E10F25532ED949DA00AF0AB2;
			remoteInfo = Macher;
		};
		E10F256C2ED949DB00AF0AB2 /* PBXContainerItemProxy */ = {
			isa = PBXContainerItemProxy;
			containerPortal = E10F254C2ED949DA00AF0AB2 /* Project object */;
			proxyType = 1;
			remoteGlobalIDString = E10F25532ED949DA00AF0AB2;
			remoteInfo = Macher;
		};
/* End PBXContainerItemProxy section */

/* Begin PBXFileReference section */
		E10F25542ED949DA00AF0AB2 /* Macher.app */ = {isa = PBXFileReference; explicitFileType = wrapper.application; includeInIndex = 0; path = Macher.app; sourceTree = BUILT_PRODUCTS_DIR; };
		E10F25612ED949DB00AF0AB2 /* MacherTests.xctest */ = {isa = PBXFileReference; explicitFileType = wrapper.cfbundle; includeInIndex = 0; path = MacherTests.xctest; sourceTree = BUILT_PRODUCTS_DIR; };
		E10F256B2ED949DB00AF0AB2 /* MacherUITests.xctest */ = {isa = PBXFileReference; explicitFileType = wrapper.cfbundle; includeInIndex = 0; path = MacherUITests.xctest; sourceTree = BUILT_PRODUCTS_DIR; };
/* End PBXFileReference section */

/* Begin PBXFileSystemSynchronizedRootGroup section */
		E10F25562ED949DA00AF0AB2 /* Macher */ = {
			isa = PBXFileSystemSynchronizedRootGroup;
			path = Macher;
			sourceTree = "<group>";
		};
		E10F25642ED949DB00AF0AB2 /* MacherTests */ = {
			isa = PBXFileSystemSynchronizedRootGroup;
			path = MacherTests;
			sourceTree = "<group>";
		};
		E10F256E2ED949DB00AF0AB2 /* MacherUITests */ = {
			isa = PBXFileSystemSynchronizedRootGroup;
			path = MacherUITests;
			sourceTree = "<group>";
		};
/* End PBXFileSystemSynchronizedRootGroup section */

/* Begin PBXFrameworksBuildPhase section */
		E10F25512ED949DA00AF0AB2 /* Frameworks */ = {
			isa = PBXFrameworksBuildPhase;
			buildActionMask = 2147483647;
			files = (
				E10F25952ED953BB00AF0AB2 /* Capstone in Frameworks */,
			);
			runOnlyForDeploymentPostprocessing = 0;
		};
		E10F255E2ED949DB00AF0AB2 /* Frameworks */ = {
			isa = PBXFrameworksBuildPhase;
			buildActionMask = 2147483647;
			files = (
			);
			runOnlyForDeploymentPostprocessing = 0;
		};
		E10F25682ED949DB00AF0AB2 /* Frameworks */ = {
			isa = PBXFrameworksBuildPhase;
			buildActionMask = 2147483647;
			files = (
			);
			runOnlyForDeploymentPostprocessing = 0;
		};
/* End PBXFrameworksBuildPhase section */

/* Begin PBXGroup section */
		E10F254B2ED949DA00AF0AB2 = {
			isa = PBXGroup;
			children = (
				E10F25562ED949DA00AF0AB2 /* Macher */,
				E10F25642ED949DB00AF0AB2 /* MacherTests */,
				E10F256E2ED949DB00AF0AB2 /* MacherUITests */,
				E10F258A2ED94BC500AF0AB2 /* Frameworks */,
				E10F25552ED949DA00AF0AB2 /* Products */,
			);
			sourceTree = "<group>";
		};
		E10F25552ED949DA00AF0AB2 /* Products */ = {
			isa = PBXGroup;
			children = (
				E10F25542ED949DA00AF0AB2 /* Macher.app */,
				E10F25612ED949DB00AF0AB2 /* MacherTests.xctest */,
				E10F256B2ED949DB00AF0AB2 /* MacherUITests.xctest */,
			);
			name = Products;
			sourceTree = "<group>";
		};
		E10F258A2ED94BC500AF0AB2 /* Frameworks */ = {
			isa = PBXGroup;
			children = (
			);
			name = Frameworks;
			sourceTree = "<group>";
		};
/* End PBXGroup section */

/* Begin PBXNativeTarget section */
		E10F25532ED949DA00AF0AB2 /* Macher */ = {
			isa = PBXNativeTarget;
			buildConfigurationList = E10F25752ED949DB00AF0AB2 /* Build configuration list for PBXNativeTarget "Macher" */;
			buildPhases = (
				E10F25502ED949DA00AF0AB2 /* Sources */,
				E10F25512ED949DA00AF0AB2 /* Frameworks */,
				E10F25522ED949DA00AF0AB2 /* Resources */,
			);
			buildRules = (
			);
			dependencies = (
			);
			fileSystemSynchronizedGroups = (
				E10F25562ED949DA00AF0AB2 /* Macher */,
			);
			name = Macher;
			packageProductDependencies = (
				E10F25942ED953BB00AF0AB2 /* Capstone */,
			);
			productName = Macher;
			productReference = E10F25542ED949DA00AF0AB2 /* Macher.app */;
			productType = "com.apple.product-type.application";
		};
		E10F25602ED949DB00AF0AB2 /* MacherTests */ = {
			isa = PBXNativeTarget;
			buildConfigurationList = E10F25782ED949DB00AF0AB2 /* Build configuration list for PBXNativeTarget "MacherTests" */;
			buildPhases = (
				E10F255D2ED949DB00AF0AB2 /* Sources */,
				E10F255E2ED949DB00AF0AB2 /* Frameworks */,
				E10F255F2ED949DB00AF0AB2 /* Resources */,
			);
			buildRules = (
			);
			dependencies = (
				E10F25632ED949DB00AF0AB2 /* PBXTargetDependency */,
			);
			fileSystemSynchronizedGroups = (
				E10F25642ED949DB00AF0AB2 /* MacherTests */,
			);
			name = MacherTests;
			packageProductDependencies = (
			);
			productName = MacherTests;
			productReference = E10F25612ED949DB00AF0AB2 /* MacherTests.xctest */;
			productType = "com.apple.product-type.bundle.unit-test";
		};
		E10F256A2ED949DB00AF0AB2 /* MacherUITests */ = {
			isa = PBXNativeTarget;
			buildConfigurationList = E10F257B2ED949DB00AF0AB2 /* Build configuration list for PBXNativeTarget "MacherUITests" */;
			buildPhases = (
				E10F25672ED949DB00AF0AB2 /* Sources */,
				E10F25682ED949DB00AF0AB2 /* Frameworks */,
				E10F25692ED949DB00AF0AB2 /* Resources */,
			);
			buildRules = (
			);
			dependencies = (
				E10F256D2ED949DB00AF0AB2 /* PBXTargetDependency */,
			);
			fileSystemSynchronizedGroups = (
				E10F256E2ED949DB00AF0AB2 /* MacherUITests */,
			);
			name = MacherUITests;
			packageProductDependencies = (
			);
			productName = MacherUITests;
			productReference = E10F256B2ED949DB00AF0AB2 /* MacherUITests.xctest */;
			productType = "com.apple.product-type.bundle.ui-testing";
		};
/* End PBXNativeTarget section */

/* Begin PBXProject section */
		E10F254C2ED949DA00AF0AB2 /* Project object */ = {
			isa = PBXProject;
			attributes = {
				BuildIndependentTargetsInParallel = 1;
				LastSwiftUpdateCheck = 2610;
				LastUpgradeCheck = 2610;
				TargetAttributes = {
					E10F25532ED949DA00AF0AB2 = {
						CreatedOnToolsVersion = 26.1.1;
					};
					E10F25602ED949DB00AF0AB2 = {
						CreatedOnToolsVersion = 26.1.1;
						TestTargetID = E10F25532ED949DA00AF0AB2;
					};
					E10F256A2ED949DB00AF0AB2 = {
						CreatedOnToolsVersion = 26.1.1;
						TestTargetID = E10F25532ED949DA00AF0AB2;
					};
				};
			};
			buildConfigurationList = E10F254F2ED949DA00AF0AB2 /* Build configuration list for PBXProject "Macher" */;
			developmentRegion = en;
			hasScannedForEncodings = 0;
			knownRegions = (
				en,
				Base,
			);
			mainGroup = E10F254B2ED949DA00AF0AB2;
			minimizedProjectReferenceProxies = 1;
			packageReferences = (
				E10F25932ED953BB00AF0AB2 /* XCRemoteSwiftPackageReference "swift-capstone" */,
			);
			preferredProjectObjectVersion = 77;
			productRefGroup = E10F25552ED949DA00AF0AB2 /* Products */;
			projectDirPath = "";
			projectRoot = "";
			targets = (
				E10F25532ED949DA00AF0AB2 /* Macher */,
				E10F25602ED949DB00AF0AB2 /* MacherTests */,
				E10F256A2ED949DB00AF0AB2 /* MacherUITests */,
			);
		};
/* End PBXProject section */

/* Begin PBXResourcesBuildPhase section */
		E10F25522ED949DA00AF0AB2 /* Resources */ = {
			isa = PBXResourcesBuildPhase;
			buildActionMask = 2147483647;
			files = (
			);
			runOnlyForDeploymentPostprocessing = 0;
		};
		E10F255F2ED949DB00AF0AB2 /* Resources */ = {
			isa = PBXResourcesBuildPhase;
			buildActionMask = 2147483647;
			files = (
			);
			runOnlyForDeploymentPostprocessing = 0;
		};
		E10F25692ED949DB00AF0AB2 /* Resources */ = {
			isa = PBXResourcesBuildPhase;
			buildActionMask = 2147483647;
			files = (
			);
			runOnlyForDeploymentPostprocessing = 0;
		};
/* End PBXResourcesBuildPhase section */

/* Begin PBXSourcesBuildPhase section */
		E10F25502ED949DA00AF0AB2 /* Sources */ = {
			isa = PBXSourcesBuildPhase;
			buildActionMask = 2147483647;
			files = (
			);
			runOnlyForDeploymentPostprocessing = 0;
		};
		E10F255D2ED949DB00AF0AB2 /* Sources */ = {
			isa = PBXSourcesBuildPhase;
			buildActionMask = 2147483647;
			files = (
			);
			runOnlyForDeploymentPostprocessing = 0;
		};
		E10F25672ED949DB00AF0AB2 /* Sources */ = {
			isa = PBXSourcesBuildPhase;
			buildActionMask = 2147483647;
			files = (
			);
			runOnlyForDeploymentPostprocessing = 0;
		};
/* End PBXSourcesBuildPhase section */

/* Begin PBXTargetDependency section */
		E10F25632ED949DB00AF0AB2 /* PBXTargetDependency */ = {
			isa = PBXTargetDependency;
			target = E10F25532ED949DA00AF0AB2 /* Macher */;
			targetProxy = E10F25622ED949DB00AF0AB2 /* PBXContainerItemProxy */;
		};
		E10F256D2ED949DB00AF0AB2 /* PBXTargetDependency */ = {
			isa = PBXTargetDependency;
			target = E10F25532ED949DA00AF0AB2 /* Macher */;
			targetProxy = E10F256C2ED949DB00AF0AB2 /* PBXContainerItemProxy */;
		};
/* End PBXTargetDependency section */

/* Begin XCBuildConfiguration section */
		E10F25732ED949DB00AF0AB2 /* Debug */ = {
			isa = XCBuildConfiguration;
			buildSettings = {
				ALWAYS_SEARCH_USER_PATHS = NO;
				ASSETCATALOG_COMPILER_GENERATE_SWIFT_ASSET_SYMBOL_EXTENSIONS = YES;
				CLANG_ANALYZER_NONNULL = YES;
				CLANG_ANALYZER_NUMBER_OBJECT_CONVERSION = YES_AGGRESSIVE;
				CLANG_CXX_LANGUAGE_STANDARD = "gnu++20";
				CLANG_ENABLE_MODULES = YES;
				CLANG_ENABLE_OBJC_ARC = YES;
				CLANG_ENABLE_OBJC_WEAK = YES;
				CLANG_WARN_BLOCK_CAPTURE_AUTORELEASING = YES;
				CLANG_WARN_BOOL_CONVERSION = YES;
				CLANG_WARN_COMMA = YES;
				CLANG_WARN_CONSTANT_CONVERSION = YES;
				CLANG_WARN_DEPRECATED_OBJC_IMPLEMENTATIONS = YES;
				CLANG_WARN_DIRECT_OBJC_ISA_USAGE = YES_ERROR;
				CLANG_WARN_DOCUMENTATION_COMMENTS = YES;
				CLANG_WARN_EMPTY_BODY = YES;
				CLANG_WARN_ENUM_CONVERSION = YES;
				CLANG_WARN_INFINITE_RECURSION = YES;
				CLANG_WARN_INT_CONVERSION = YES;
				CLANG_WARN_NON_LITERAL_NULL_CONVERSION = YES;
				CLANG_WARN_OBJC_IMPLICIT_RETAIN_SELF = YES;
				CLANG_WARN_OBJC_LITERAL_CONVERSION = YES;
				CLANG_WARN_OBJC_ROOT_CLASS = YES_ERROR;
				CLANG_WARN_QUOTED_INCLUDE_IN_FRAMEWORK_HEADER = YES;
				CLANG_WARN_RANGE_LOOP_ANALYSIS = YES;
				CLANG_WARN_STRICT_PROTOTYPES = YES;
				CLANG_WARN_SUSPICIOUS_MOVE = YES;
				CLANG_WARN_UNGUARDED_AVAILABILITY = YES_AGGRESSIVE;
				CLANG_WARN_UNREACHABLE_CODE = YES;
				CLANG_WARN__DUPLICATE_METHOD_MATCH = YES;
				COPY_PHASE_STRIP = NO;
				DEBUG_INFORMATION_FORMAT = dwarf;
				DEVELOPMENT_TEAM = 625H9BYZCZ;
				ENABLE_STRICT_OBJC_MSGSEND = YES;
				ENABLE_TESTABILITY = YES;
				ENABLE_USER_SCRIPT_SANDBOXING = YES;
				GCC_C_LANGUAGE_STANDARD = gnu17;
				GCC_DYNAMIC_NO_PIC = NO;
				GCC_NO_COMMON_BLOCKS = YES;
				GCC_OPTIMIZATION_LEVEL = 0;
				GCC_PREPROCESSOR_DEFINITIONS = (
					"DEBUG=1",
					"$(inherited)",
				);
				GCC_WARN_64_TO_32_BIT_CONVERSION = YES;
				GCC_WARN_ABOUT_RETURN_TYPE = YES_ERROR;
				GCC_WARN_UNDECLARED_SELECTOR = YES;
				GCC_WARN_UNINITIALIZED_AUTOS = YES_AGGRESSIVE;
				GCC_WARN_UNUSED_FUNCTION = YES;
				GCC_WARN_UNUSED_VARIABLE = YES;
				IPHONEOS_DEPLOYMENT_TARGET = 26.1;
				LOCALIZATION_PREFERS_STRING_CATALOGS = YES;
				MTL_ENABLE_DEBUG_INFO = INCLUDE_SOURCE;
				MTL_FAST_MATH = YES;
				ONLY_ACTIVE_ARCH = YES;
				SDKROOT = iphoneos;
				SWIFT_ACTIVE_COMPILATION_CONDITIONS = "DEBUG $(inherited)";
				SWIFT_OPTIMIZATION_LEVEL = "-Onone";
			};
			name = Debug;
		};
		E10F25742ED949DB00AF0AB2 /* Release */ = {
			isa = XCBuildConfiguration;
			buildSettings = {
				ALWAYS_SEARCH_USER_PATHS = NO;
				ASSETCATALOG_COMPILER_GENERATE_SWIFT_ASSET_SYMBOL_EXTENSIONS = YES;
				CLANG_ANALYZER_NONNULL = YES;
				CLANG_ANALYZER_NUMBER_OBJECT_CONVERSION = YES_AGGRESSIVE;
				CLANG_CXX_LANGUAGE_STANDARD = "gnu++20";
				CLANG_ENABLE_MODULES = YES;
				CLANG_ENABLE_OBJC_ARC = YES;
				CLANG_ENABLE_OBJC_WEAK = YES;
				CLANG_WARN_BLOCK_CAPTURE_AUTORELEASING = YES;
				CLANG_WARN_BOOL_CONVERSION = YES;
				CLANG_WARN_COMMA = YES;
				CLANG_WARN_CONSTANT_CONVERSION = YES;
				CLANG_WARN_DEPRECATED_OBJC_IMPLEMENTATIONS = YES;
				CLANG_WARN_DIRECT_OBJC_ISA_USAGE = YES_ERROR;
				CLANG_WARN_DOCUMENTATION_COMMENTS = YES;
				CLANG_WARN_EMPTY_BODY = YES;
				CLANG_WARN_ENUM_CONVERSION = YES;
				CLANG_WARN_INFINITE_RECURSION = YES;
				CLANG_WARN_INT_CONVERSION = YES;
				CLANG_WARN_NON_LITERAL_NULL_CONVERSION = YES;
				CLANG_WARN_OBJC_IMPLICIT_RETAIN_SELF = YES;
				CLANG_WARN_OBJC_LITERAL_CONVERSION = YES;
				CLANG_WARN_OBJC_ROOT_CLASS = YES_ERROR;
				CLANG_WARN_QUOTED_INCLUDE_IN_FRAMEWORK_HEADER = YES;
				CLANG_WARN_RANGE_LOOP_ANALYSIS = YES;
				CLANG_WARN_STRICT_PROTOTYPES = YES;
				CLANG_WARN_SUSPICIOUS_MOVE = YES;
				CLANG_WARN_UNGUARDED_AVAILABILITY = YES_AGGRESSIVE;
				CLANG_WARN_UNREACHABLE_CODE = YES;
				CLANG_WARN__DUPLICATE_METHOD_MATCH = YES;
				COPY_PHASE_STRIP = NO;
				DEBUG_INFORMATION_FORMAT = "dwarf-with-dsym";
				DEVELOPMENT_TEAM = 625H9BYZCZ;
				ENABLE_NS_ASSERTIONS = NO;
				ENABLE_STRICT_OBJC_MSGSEND = YES;
				ENABLE_USER_SCRIPT_SANDBOXING = YES;
				GCC_C_LANGUAGE_STANDARD = gnu17;
				GCC_NO_COMMON_BLOCKS = YES;
				GCC_WARN_64_TO_32_BIT_CONVERSION = YES;
				GCC_WARN_ABOUT_RETURN_TYPE = YES_ERROR;
				GCC_WARN_UNDECLARED_SELECTOR = YES;
				GCC_WARN_UNINITIALIZED_AUTOS = YES_AGGRESSIVE;
				GCC_WARN_UNUSED_FUNCTION = YES;
				GCC_WARN_UNUSED_VARIABLE = YES;
				IPHONEOS_DEPLOYMENT_TARGET = 26.1;
				LOCALIZATION_PREFERS_STRING_CATALOGS = YES;
				MTL_ENABLE_DEBUG_INFO = NO;
				MTL_FAST_MATH = YES;
				SDKROOT = iphoneos;
				SWIFT_COMPILATION_MODE = wholemodule;
				VALIDATE_PRODUCT = YES;
			};
			name = Release;
		};
		E10F25762ED949DB00AF0AB2 /* Debug */ = {
			isa = XCBuildConfiguration;
			buildSettings = {
				ASSETCATALOG_COMPILER_APPICON_NAME = AppIcon;
				ASSETCATALOG_COMPILER_GLOBAL_ACCENT_COLOR_NAME = AccentColor;
				CODE_SIGN_STYLE = Automatic;
				CURRENT_PROJECT_VERSION = 1;
				DEVELOPMENT_TEAM = 625H9BYZCZ;
				ENABLE_PREVIEWS = YES;
				GENERATE_INFOPLIST_FILE = YES;
				INFOPLIST_KEY_LSApplicationCategoryType = "public.app-category.developer-tools";
				INFOPLIST_KEY_UIApplicationSceneManifest_Generation = YES;
				INFOPLIST_KEY_UIApplicationSupportsIndirectInputEvents = YES;
				INFOPLIST_KEY_UILaunchScreen_Generation = YES;
				INFOPLIST_KEY_UISupportedInterfaceOrientations_iPad = "UIInterfaceOrientationPortrait UIInterfaceOrientationPortraitUpsideDown UIInterfaceOrientationLandscapeLeft UIInterfaceOrientationLandscapeRight";
				INFOPLIST_KEY_UISupportedInterfaceOrientations_iPhone = "UIInterfaceOrientationPortrait UIInterfaceOrientationLandscapeLeft UIInterfaceOrientationLandscapeRight";
				IPHONEOS_DEPLOYMENT_TARGET = 16.0;
				LD_RUNPATH_SEARCH_PATHS = (
					"$(inherited)",
					"@executable_path/Frameworks",
				);
				MARKETING_VERSION = 1.0;
				PRODUCT_BUNDLE_IDENTIFIER = com.jian.Macher;
				PRODUCT_NAME = "$(TARGET_NAME)";
				STRING_CATALOG_GENERATE_SYMBOLS = YES;
				SWIFT_APPROACHABLE_CONCURRENCY = YES;
				SWIFT_DEFAULT_ACTOR_ISOLATION = MainActor;
				SWIFT_EMIT_LOC_STRINGS = YES;
				SWIFT_UPCOMING_FEATURE_MEMBER_IMPORT_VISIBILITY = YES;
				SWIFT_VERSION = 5.0;
				TARGETED_DEVICE_FAMILY = "1,2";
			};
			name = Debug;
		};
		E10F25772ED949DB00AF0AB2 /* Release */ = {
			isa = XCBuildConfiguration;
			buildSettings = {
				ASSETCATALOG_COMPILER_APPICON_NAME = AppIcon;
				ASSETCATALOG_COMPILER_GLOBAL_ACCENT_COLOR_NAME = AccentColor;
				CODE_SIGN_STYLE = Automatic;
				CURRENT_PROJECT_VERSION = 1;
				DEVELOPMENT_TEAM = 625H9BYZCZ;
				ENABLE_PREVIEWS = YES;
				GENERATE_INFOPLIST_FILE = YES;
				INFOPLIST_KEY_LSApplicationCategoryType = "public.app-category.developer-tools";
				INFOPLIST_KEY_UIApplicationSceneManifest_Generation = YES;
				INFOPLIST_KEY_UIApplicationSupportsIndirectInputEvents = YES;
				INFOPLIST_KEY_UILaunchScreen_Generation = YES;
				INFOPLIST_KEY_UISupportedInterfaceOrientations_iPad = "UIInterfaceOrientationPortrait UIInterfaceOrientationPortraitUpsideDown UIInterfaceOrientationLandscapeLeft UIInterfaceOrientationLandscapeRight";
				INFOPLIST_KEY_UISupportedInterfaceOrientations_iPhone = "UIInterfaceOrientationPortrait UIInterfaceOrientationLandscapeLeft UIInterfaceOrientationLandscapeRight";
				IPHONEOS_DEPLOYMENT_TARGET = 16.0;
				LD_RUNPATH_SEARCH_PATHS = (
					"$(inherited)",
					"@executable_path/Frameworks",
				);
				MARKETING_VERSION = 1.0;
				PRODUCT_BUNDLE_IDENTIFIER = com.jian.Macher;
				PRODUCT_NAME = "$(TARGET_NAME)";
				STRING_CATALOG_GENERATE_SYMBOLS = YES;
				SWIFT_APPROACHABLE_CONCURRENCY = YES;
				SWIFT_DEFAULT_ACTOR_ISOLATION = MainActor;
				SWIFT_EMIT_LOC_STRINGS = YES;
				SWIFT_UPCOMING_FEATURE_MEMBER_IMPORT_VISIBILITY = YES;
				SWIFT_VERSION = 5.0;
				TARGETED_DEVICE_FAMILY = "1,2";
			};
			name = Release;
		};
		E10F25792ED949DB00AF0AB2 /* Debug */ = {
			isa = XCBuildConfiguration;
			buildSettings = {
				BUNDLE_LOADER = "$(TEST_HOST)";
				CODE_SIGN_STYLE = Automatic;
				CURRENT_PROJECT_VERSION = 1;
				DEVELOPMENT_TEAM = 625H9BYZCZ;
				GENERATE_INFOPLIST_FILE = YES;
				IPHONEOS_DEPLOYMENT_TARGET = 26.1;
				MARKETING_VERSION = 1.0;
				PRODUCT_BUNDLE_IDENTIFIER = com.jian.MacherTests;
				PRODUCT_NAME = "$(TARGET_NAME)";
				STRING_CATALOG_GENERATE_SYMBOLS = NO;
				SWIFT_APPROACHABLE_CONCURRENCY = YES;
				SWIFT_EMIT_LOC_STRINGS = NO;
				SWIFT_UPCOMING_FEATURE_MEMBER_IMPORT_VISIBILITY = YES;
				SWIFT_VERSION = 5.0;
				TARGETED_DEVICE_FAMILY = "1,2";
				TEST_HOST = "$(BUILT_PRODUCTS_DIR)/Macher.app/$(BUNDLE_EXECUTABLE_FOLDER_PATH)/Macher";
			};
			name = Debug;
		};
		E10F257A2ED949DB00AF0AB2 /* Release */ = {
			isa = XCBuildConfiguration;
			buildSettings = {
				BUNDLE_LOADER = "$(TEST_HOST)";
				CODE_SIGN_STYLE = Automatic;
				CURRENT_PROJECT_VERSION = 1;
				DEVELOPMENT_TEAM = 625H9BYZCZ;
				GENERATE_INFOPLIST_FILE = YES;
				IPHONEOS_DEPLOYMENT_TARGET = 26.1;
				MARKETING_VERSION = 1.0;
				PRODUCT_BUNDLE_IDENTIFIER = com.jian.MacherTests;
				PRODUCT_NAME = "$(TARGET_NAME)";
				STRING_CATALOG_GENERATE_SYMBOLS = NO;
				SWIFT_APPROACHABLE_CONCURRENCY = YES;
				SWIFT_EMIT_LOC_STRINGS = NO;
				SWIFT_UPCOMING_FEATURE_MEMBER_IMPORT_VISIBILITY = YES;
				SWIFT_VERSION = 5.0;
				TARGETED_DEVICE_FAMILY = "1,2";
				TEST_HOST = "$(BUILT_PRODUCTS_DIR)/Macher.app/$(BUNDLE_EXECUTABLE_FOLDER_PATH)/Macher";
			};
			name = Release;
		};
		E10F257C2ED949DB00AF0AB2 /* Debug */ = {
			isa = XCBuildConfiguration;
			buildSettings = {
				CODE_SIGN_STYLE = Automatic;
				CURRENT_PROJECT_VERSION = 1;
				DEVELOPMENT_TEAM = 625H9BYZCZ;
				GENERATE_INFOPLIST_FILE = YES;
				MARKETING_VERSION = 1.0;
				PRODUCT_BUNDLE_IDENTIFIER = com.jian.MacherUITests;
				PRODUCT_NAME = "$(TARGET_NAME)";
				STRING_CATALOG_GENERATE_SYMBOLS = NO;
				SWIFT_APPROACHABLE_CONCURRENCY = YES;
				SWIFT_EMIT_LOC_STRINGS = NO;
				SWIFT_UPCOMING_FEATURE_MEMBER_IMPORT_VISIBILITY = YES;
				SWIFT_VERSION = 5.0;
				TARGETED_DEVICE_FAMILY = "1,2";
				TEST_TARGET_NAME = Macher;
			};
			name = Debug;
		};
		E10F257D2ED949DB00AF0AB2 /* Release */ = {
			isa = XCBuildConfiguration;
			buildSettings = {
				CODE_SIGN_STYLE = Automatic;
				CURRENT_PROJECT_VERSION = 1;
				DEVELOPMENT_TEAM = 625H9BYZCZ;
				GENERATE_INFOPLIST_FILE = YES;
				MARKETING_VERSION = 1.0;
				PRODUCT_BUNDLE_IDENTIFIER = com.jian.MacherUITests;
				PRODUCT_NAME = "$(TARGET_NAME)";
				STRING_CATALOG_GENERATE_SYMBOLS = NO;
				SWIFT_APPROACHABLE_CONCURRENCY = YES;
				SWIFT_EMIT_LOC_STRINGS = NO;
				SWIFT_UPCOMING_FEATURE_MEMBER_IMPORT_VISIBILITY = YES;
				SWIFT_VERSION = 5.0;
				TARGETED_DEVICE_FAMILY = "1,2";
				TEST_TARGET_NAME = Macher;
			};
			name = Release;
		};
/* End XCBuildConfiguration section */

/* Begin XCConfigurationList section */
		E10F254F2ED949DA00AF0AB2 /* Build configuration list for PBXProject "Macher" */ = {
			isa = XCConfigurationList;
			buildConfigurations = (
				E10F25732ED949DB00AF0AB2 /* Debug */,
				E10F25742ED949DB00AF0AB2 /* Release */,
			);
			defaultConfigurationIsVisible = 0;
			defaultConfigurationName = Release;
		};
		E10F25752ED949DB00AF0AB2 /* Build configuration list for PBXNativeTarget "Macher" */ = {
			isa = XCConfigurationList;
			buildConfigurations = (
				E10F25762ED949DB00AF0AB2 /* Debug */,
				E10F25772ED949DB00AF0AB2 /* Release */,
			);
			defaultConfigurationIsVisible = 0;
			defaultConfigurationName = Release;
		};
		E10F25782ED949DB00AF0AB2 /* Build configuration list for PBXNativeTarget "MacherTests" */ = {
			isa = XCConfigurationList;
			buildConfigurations = (
				E10F25792ED949DB00AF0AB2 /* Debug */,
				E10F257A2ED949DB00AF0AB2 /* Release */,
			);
			defaultConfigurationIsVisible = 0;
			defaultConfigurationName = Release;
		};
		E10F257B2ED949DB00AF0AB2 /* Build configuration list for PBXNativeTarget "MacherUITests" */ = {
			isa = XCConfigurationList;
			buildConfigurations = (
				E10F257C2ED949DB00AF0AB2 /* Debug */,
				E10F257D2ED949DB00AF0AB2 /* Release */,
			);
			defaultConfigurationIsVisible = 0;
			defaultConfigurationName = Release;
		};
/* End XCConfigurationList section */

/* Begin XCRemoteSwiftPackageReference section */
		E10F25932ED953BB00AF0AB2 /* XCRemoteSwiftPackageReference "swift-capstone" */ = {
			isa = XCRemoteSwiftPackageReference;
			repositoryURL = "https://github.com/MxIris-Reverse-Engineering/swift-capstone.git";
			requirement = {
				branch = main;
				kind = branch;
			};
		};
/* End XCRemoteSwiftPackageReference section */

/* Begin XCSwiftPackageProductDependency section */
		E10F25942ED953BB00AF0AB2 /* Capstone */ = {
			isa = XCSwiftPackageProductDependency;
			package = E10F25932ED953BB00AF0AB2 /* XCRemoteSwiftPackageReference "swift-capstone" */;
			productName = Capstone;
		};
/* End XCSwiftPackageProductDependency section */
	};
	rootObject = E10F254C2ED949DA00AF0AB2 /* Project object */;
}
